
Microsoft Visual Studio Solution File, Format Version 12.00
# Visual Studio Version 17
VisualStudioVersion = 17.10.35013.160
MinimumVisualStudioVersion = 10.0.40219.1
Project("{9A19103F-16F7-4668-BE54-9A1E7A4F7556}") = "SteamGameLauncher", "SteamLauncher\SteamGameLauncher.csproj", "{8CA8617A-BC2A-4449-AF0E-D62CD6B69F7E}"
EndProject
Global
	GlobalSection(SolutionConfigurationPlatforms) = preSolution
		Debug|Any CPU = Debug|Any CPU
		Release|Any CPU = Release|Any CPU
	EndGlobalSection
	GlobalSection(ProjectConfigurationPlatforms) = postSolution
		{8CA8617A-BC2A-4449-AF0E-D62CD6B69F7E}.Debug|Any CPU.ActiveCfg = Debug|Any CPU
		{8CA8617A-BC2A-4449-AF0E-D62CD6B69F7E}.Debug|Any CPU.Build.0 = Debug|Any CPU
		{8CA8617A-BC2A-4449-AF0E-D62CD6B69F7E}.Release|Any CPU.ActiveCfg = Release|Any CPU
		{8CA8617A-BC2A-4449-AF0E-D62CD6B69F7E}.Release|Any CPU.Build.0 = Release|Any CPU
	EndGlobalSection
	GlobalSection(SolutionProperties) = preSolution
		HideSolutionNode = FALSE
	EndGlobalSection
	GlobalSection(ExtensibilityGlobals) = postSolution
		SolutionGuid = {3B482072-F3DC-4F50-BFF6-78A76C26C782}
	EndGlobalSection
EndGlobal
